# THIS IS AN AUTOGENERATED FILE. DO NOT EDIT THIS FILE DIRECTLY.
# yarn lockfile v1


"@types/es6-promise@^0.0.32":
  version "0.0.32"
  resolved "https://registry.yarnpkg.com/@types/es6-promise/-/es6-promise-0.0.32.tgz#3bcf44fb1e429f3df76188c8c6d874463ba371fd"

"@types/node@^6.0.69":
  version "6.14.2"
  resolved "https://registry.yarnpkg.com/@types/node/-/node-6.14.2.tgz#40b3dbb1221c7d66802cbcc32fe3b85e54569c77"

bootstrap@>=3.3.7, bootstrap@>=4.1.0, bootstrap@>=4.2.1, bootstrap@^4.2.1:
  version "4.2.1"
  resolved "https://registry.yarnpkg.com/bootstrap/-/bootstrap-4.2.1.tgz#8f8bdca024dbf0e8644da32e918c8a03a90a5757"

htmlrapier.bootstrap.datetime@^3.1.0:
  version "3.1.0"
  resolved "https://registry.yarnpkg.com/htmlrapier.bootstrap.datetime/-/htmlrapier.bootstrap.datetime-3.1.0.tgz#97a72a2cabbc67ec6df3917700dc09f69592ef87"
  dependencies:
    bootstrap ">=3.3.7"
    htmlrapier ">=12.7.0"
    htmlrapier.bootstrap ">=6.0.2"
    jquery ">=3.2.1"
    moment "^2.10"
    moment-timezone "^0.4.0"

htmlrapier.bootstrap@>=6.0.2, htmlrapier.bootstrap@^7.0.0:
  version "7.0.0"
  resolved "https://registry.yarnpkg.com/htmlrapier.bootstrap/-/htmlrapier.bootstrap-7.0.0.tgz#27ccdcdf652a05e0c92978642354f0b203d70a35"
  dependencies:
    bootstrap ">=3.3.7"
    htmlrapier ">=8.1.0"
    jquery ">=3.2.1"

htmlrapier.form.bootstrap4@^1.0.0:
  version "1.0.0"
  resolved "https://registry.yarnpkg.com/htmlrapier.form.bootstrap4/-/htmlrapier.form.bootstrap4-1.0.0.tgz#4dda23a45a567b7e6fc7f5144f298b47297d9c70"
  dependencies:
    bootstrap ">=4.1.0"
    htmlrapier ">=19.0.0"
    jquery ">=3.2.1"

htmlrapier.halcyon-explorer@^8.0.0:
  version "8.0.0"
  resolved "https://registry.yarnpkg.com/htmlrapier.halcyon-explorer/-/htmlrapier.halcyon-explorer-8.0.0.tgz#af92726ac5046c8e72e789506792cdd5490de7dc"
  dependencies:
    htmlrapier ">=14.0.0"
    htmlrapier.halcyon ">=7.0.0"

htmlrapier.halcyon@>=7.0.0, htmlrapier.halcyon@^7.0.0:
  version "7.1.0"
  resolved "https://registry.yarnpkg.com/htmlrapier.halcyon/-/htmlrapier.halcyon-7.1.0.tgz#76391959e89ac0b688ae89f06ee05898c6c4213b"
  dependencies:
    htmlrapier ">=10.0.2"

htmlrapier.relogin@^1.0.4:
  version "1.0.5"
  resolved "https://registry.yarnpkg.com/htmlrapier.relogin/-/htmlrapier.relogin-1.0.5.tgz#49f0bd2263fc6778db2ce4d62189a0100c133db3"
  dependencies:
    htmlrapier ">=14.0.0"

htmlrapier.roleclient@^4.0.0:
  version "4.0.1"
  resolved "https://registry.yarnpkg.com/htmlrapier.roleclient/-/htmlrapier.roleclient-4.0.1.tgz#0b0072c7bb3e54dbbcf2c49b209018da2a6f69a8"
  dependencies:
    htmlrapier.halcyon ">=7.0.0"
    htmlrapier.widgets ">=14.0.0"
    jsns ">=4.2.2"

htmlrapier.widgets@>=14.0.0, htmlrapier.widgets@^15.0.0:
  version "15.5.0"
  resolved "https://registry.yarnpkg.com/htmlrapier.widgets/-/htmlrapier.widgets-15.5.0.tgz#aacc1a01e83bee21d57bef86154f94a32b4c390b"
  dependencies:
    htmlrapier ">=14.3.0"
    htmlrapier.halcyon ">=7.0.0"

htmlrapier@>=10.0.2, htmlrapier@>=12.7.0, htmlrapier@>=14.0.0, htmlrapier@>=14.3.0, htmlrapier@>=19.0.0, htmlrapier@>=8.1.0, htmlrapier@^19.0.0:
  version "19.1.1"
  resolved "https://registry.yarnpkg.com/htmlrapier/-/htmlrapier-19.1.1.tgz#b54d71d86bcb2a2c70a12d875bbe7ef82a2a193e"
  dependencies:
    "@types/es6-promise" "^0.0.32"
    tslib "^1.6.1"

jquery@>=3.2.1:
  version "3.3.1"
  resolved "https://registry.yarnpkg.com/jquery/-/jquery-3.3.1.tgz#958ce29e81c9790f31be7792df5d4d95fc57fbca"

jsns@>=4.2.2, jsns@^5.0.0:
  version "5.0.0"
  resolved "https://registry.yarnpkg.com/jsns/-/jsns-5.0.0.tgz#c76429b822a68100eef8d4b8d3f1172b028664e4"

moment-timezone@^0.4.0:
  version "0.4.1"
  resolved "https://registry.yarnpkg.com/moment-timezone/-/moment-timezone-0.4.1.tgz#81f598c3ad5e22cdad796b67ecd8d88d0f5baa06"
  dependencies:
    moment ">= 2.6.0"

"moment@>= 2.6.0", moment@^2.10:
  version "2.23.0"
  resolved "https://registry.yarnpkg.com/moment/-/moment-2.23.0.tgz#759ea491ac97d54bac5ad776996e2a58cc1bc225"

threax.bootstrap4@^0.0.1:
  version "0.0.1"
  resolved "https://registry.yarnpkg.com/threax.bootstrap4/-/threax.bootstrap4-0.0.1.tgz#b2efe04c22d4b390aaeb8bf3c38b7e0b35bc03f8"
  dependencies:
    bootstrap ">=4.2.1"

tslib@^1.6.1:
  version "1.9.3"
  resolved "https://registry.yarnpkg.com/tslib/-/tslib-1.9.3.tgz#d7e4dd79245d85428c4d7e4822a79917954ca286"
