# THIS IS AN AUTOGENERATED FILE. DO NOT EDIT THIS FILE DIRECTLY.
# yarn lockfile v1


"@types/es6-promise@^0.0.32":
  version "0.0.32"
  resolved "https://registry.yarnpkg.com/@types/es6-promise/-/es6-promise-0.0.32.tgz#3bcf44fb1e429f3df76188c8c6d874463ba371fd"
  integrity sha1-O89E+x5Cnz33YYjIxth0Rjujcf0=

"@types/node@^6.0.69":
  version "6.14.5"
  resolved "https://registry.yarnpkg.com/@types/node/-/node-6.14.5.tgz#36dfa8fd73d6fc3725393a2fe98964b92a4999c1"
  integrity sha512-50PRp2qLJYjnFV/BWc839MN/9YeSrNz5DWzCiKYw3GVF/YyMClcHxTWGsVc0CPNpJpk3CIp0dOqLxqP3U/Pc+A==

bootstrap@>=3.3.7, bootstrap@>=4.1.0, bootstrap@>=4.2.1, bootstrap@^4.2.1:
  version "4.3.1"
  resolved "https://registry.yarnpkg.com/bootstrap/-/bootstrap-4.3.1.tgz#280ca8f610504d99d7b6b4bfc4b68cec601704ac"
  integrity sha512-rXqOmH1VilAt2DyPzluTi2blhk17bO7ef+zLLPlWvG494pDxcM234pJ8wTc/6R40UWizAIIMgxjvxZg5kmsbag==

htmlrapier.bootstrap.datetime@^3.1.0:
  version "3.3.1"
  resolved "https://registry.yarnpkg.com/htmlrapier.bootstrap.datetime/-/htmlrapier.bootstrap.datetime-3.3.1.tgz#c761ae29798891d6a86d4e951c06bb87f52e8b6d"
  integrity sha512-4bVsHV9tdbC88Y5TnKJRXYeVjwvjBKyC6pFHA04jBYs5MVBG/53KZpJYXmAW9vQWxOhqKDI5u8AS2lDMafJCmQ==
  dependencies:
    bootstrap ">=3.3.7"
    htmlrapier ">=12.7.0"
    htmlrapier.bootstrap ">=6.0.2"
    jquery ">=3.2.1"
    moment "^2.24.0"
    moment-timezone "^0.5.23"

htmlrapier.bootstrap@>=6.0.2, htmlrapier.bootstrap@^7.0.0:
  version "7.0.0"
  resolved "https://registry.yarnpkg.com/htmlrapier.bootstrap/-/htmlrapier.bootstrap-7.0.0.tgz#27ccdcdf652a05e0c92978642354f0b203d70a35"
  integrity sha512-rqSwSbd8cRwx9xIf08B/1Wo9c58uVXnNeDsU3LVsohiTkvaZmSzk8q3gJ+WnDUcdMxSDhMyDiKCr80cxtp2JGQ==
  dependencies:
    bootstrap ">=3.3.7"
    htmlrapier ">=8.1.0"
    jquery ">=3.2.1"

htmlrapier.form.bootstrap4@^2.0.0:
  version "2.0.0"
  resolved "https://registry.yarnpkg.com/htmlrapier.form.bootstrap4/-/htmlrapier.form.bootstrap4-2.0.0.tgz#44cdefcf12f9a74c502e8d2dcdb7509bcafd5bb0"
  integrity sha512-RjpXHVtiy9COEb6cohxn3yuEGeNWjLHlH0EG5XQR8RsLQALYxSvnv7piXOEb0Ue40lP2MmYXWRym97hFtNm1EA==
  dependencies:
    bootstrap ">=4.1.0"
    htmlrapier ">=19.0.0"
    jquery ">=3.2.1"

htmlrapier.halcyon-explorer@^8.0.0:
  version "8.0.0"
  resolved "https://registry.yarnpkg.com/htmlrapier.halcyon-explorer/-/htmlrapier.halcyon-explorer-8.0.0.tgz#af92726ac5046c8e72e789506792cdd5490de7dc"
  integrity sha512-jDnEDkiABZOicNfxJbVqdSzMbduMvhjGR3ZPjovMsVHPzJsVYKvZE/IDobsjXxuJNKMbW70hL92W/a2KBRcSQQ==
  dependencies:
    htmlrapier ">=14.0.0"
    htmlrapier.halcyon ">=7.0.0"

htmlrapier.halcyon@>=7.0.0, htmlrapier.halcyon@^7.0.0:
  version "7.1.0"
  resolved "https://registry.yarnpkg.com/htmlrapier.halcyon/-/htmlrapier.halcyon-7.1.0.tgz#76391959e89ac0b688ae89f06ee05898c6c4213b"
  integrity sha512-Kqni9nfT0KnaQ649gbAp8TZOTekHQvJISdJYP6HWHR0A9NabdcGvXJ1YYzi/6P2mDPoi3FhH6eKfl7GiZd0bvg==
  dependencies:
    htmlrapier ">=10.0.2"

htmlrapier.relogin@^1.0.4:
  version "1.0.5"
  resolved "https://registry.yarnpkg.com/htmlrapier.relogin/-/htmlrapier.relogin-1.0.5.tgz#49f0bd2263fc6778db2ce4d62189a0100c133db3"
  integrity sha512-RpRMNzqUnORStmXw499diKy4wwN2+JSbhcDydmi5V6Ixt0Dl4+UMd25qDu9VWSq13Hbuk25OPuUIZo+Yk/UiUQ==
  dependencies:
    htmlrapier ">=14.0.0"

htmlrapier.roleclient@^4.0.0:
  version "4.0.1"
  resolved "https://registry.yarnpkg.com/htmlrapier.roleclient/-/htmlrapier.roleclient-4.0.1.tgz#0b0072c7bb3e54dbbcf2c49b209018da2a6f69a8"
  integrity sha512-b4nuRxUT/EWy3wlh4Nby8oELVDoF+wgpDJ8gGnd8qtH307zCdq9X3PHEqpV/ymoZt4FmMxphkulOmPhbFZ7v4Q==
  dependencies:
    htmlrapier.halcyon ">=7.0.0"
    htmlrapier.widgets ">=14.0.0"
    jsns ">=4.2.2"

htmlrapier.widgets@>=14.0.0, htmlrapier.widgets@^15.0.0:
  version "15.8.0"
  resolved "https://registry.yarnpkg.com/htmlrapier.widgets/-/htmlrapier.widgets-15.8.0.tgz#fa8af2f3cd82507f61fe311a3df4caf3430661c3"
  integrity sha512-iqLy4mw9rRQ+Mi+WeDZ5X0AazdrjjIuZQjzPqI3dmvj8+owNq+enFOB5wtIzQtrHuDf98BBfubp0geisJ+Vx/w==
  dependencies:
    htmlrapier ">=14.3.0"
    htmlrapier.halcyon ">=7.0.0"

htmlrapier@>=10.0.2, htmlrapier@>=12.7.0, htmlrapier@>=14.0.0, htmlrapier@>=14.3.0, htmlrapier@>=19.0.0, htmlrapier@>=8.1.0, htmlrapier@^19.0.0:
  version "19.4.0"
  resolved "https://registry.yarnpkg.com/htmlrapier/-/htmlrapier-19.4.0.tgz#364a89df9ad70076ce1f0714159b65a2b0aa897f"
  integrity sha512-U8+7kV+mY80LroqixjvQYHfkaZmHygyt6v6hlbQvkFIAvI29upjyhGvmb6rwDWO5VX//ER8mliovDXrlReUoiQ==
  dependencies:
    "@types/es6-promise" "^0.0.32"
    tslib "^1.6.1"

jquery@>=3.2.1:
  version "3.4.0"
  resolved "https://registry.yarnpkg.com/jquery/-/jquery-3.4.0.tgz#8de513fa0fa4b2c7d2e48a530e26f0596936efdf"
  integrity sha512-ggRCXln9zEqv6OqAGXFEcshF5dSBvCkzj6Gm2gzuR5fWawaX8t7cxKVkkygKODrDAzKdoYw3l/e3pm3vlT4IbQ==

jsns@>=4.2.2, jsns@^5.0.0:
  version "5.0.0"
  resolved "https://registry.yarnpkg.com/jsns/-/jsns-5.0.0.tgz#c76429b822a68100eef8d4b8d3f1172b028664e4"
  integrity sha1-x2QpuCKmgQDu+NS40/EXKwKGZOQ=

moment-timezone@^0.5.23:
  version "0.5.25"
  resolved "https://registry.yarnpkg.com/moment-timezone/-/moment-timezone-0.5.25.tgz#a11bfa2f74e088327f2cd4c08b3e7bdf55957810"
  integrity sha512-DgEaTyN/z0HFaVcVbSyVCUU6HeFdnNC3vE4c9cgu2dgMTvjBUBdBzWfasTBmAW45u5OIMeCJtU8yNjM22DHucw==
  dependencies:
    moment ">= 2.9.0"

"moment@>= 2.9.0", moment@^2.24.0:
  version "2.24.0"
  resolved "https://registry.yarnpkg.com/moment/-/moment-2.24.0.tgz#0d055d53f5052aa653c9f6eb68bb5d12bf5c2b5b"
  integrity sha512-bV7f+6l2QigeBBZSM/6yTNq4P2fNpSWj/0e7jQcy87A8e7o2nAfP/34/2ky5Vw4B9S446EtIhodAzkFCcR4dQg==

threax.bootstrap4@^0.0.1:
  version "0.0.1"
  resolved "https://registry.yarnpkg.com/threax.bootstrap4/-/threax.bootstrap4-0.0.1.tgz#b2efe04c22d4b390aaeb8bf3c38b7e0b35bc03f8"
  integrity sha512-3aK/s4Un48sIimZsyvOcErd7QdWWH56vUC555Mj6QbZKKDI4L6a7O+CZSnIuVTh4Wqb7yIDiyGQZxSmZ5Rws6w==
  dependencies:
    bootstrap ">=4.2.1"

tslib@^1.6.1:
  version "1.9.3"
  resolved "https://registry.yarnpkg.com/tslib/-/tslib-1.9.3.tgz#d7e4dd79245d85428c4d7e4822a79917954ca286"
  integrity sha512-4krF8scpejhaOgqzBEcGM7yDIEfi0/8+8zDRZhNZZ2kjmHJ4hv3zCbQWxoJGz1iw5U0Jl0nma13xzHXcncMavQ==
